
Microsoft Visual Studio Solution File, Format Version 12.00
# Visual Studio Version 17
VisualStudioVersion = 17.9.34728.123
MinimumVisualStudioVersion = 10.0.40219.1
Project("{FAE04EC0-301F-11D3-BF4B-00C04F79EFBC}") = "EazyBooks-v3.Server", "EazyBooks-v3.Server\EazyBooks-v3.Server.csproj", "{E5209D14-2514-494B-ABF5-43CBBAA12A26}"
EndProject
Project("{54A90642-561A-4BB1-A94E-469ADEE60C69}") = "eazybooks-v3.client", "eazybooks-v3.client\eazybooks-v3.client.esproj", "{87A4DF21-307E-4CA4-A4BE-1901E8B05879}"
EndProject
Global
	GlobalSection(SolutionConfigurationPlatforms) = preSolution
		Debug|Any CPU = Debug|Any CPU
		Release|Any CPU = Release|Any CPU
	EndGlobalSection
	GlobalSection(ProjectConfigurationPlatforms) = postSolution
		{E5209D14-2514-494B-ABF5-43CBBAA12A26}.Debug|Any CPU.ActiveCfg = Debug|Any CPU
		{E5209D14-2514-494B-ABF5-43CBBAA12A26}.Debug|Any CPU.Build.0 = Debug|Any CPU
		{E5209D14-2514-494B-ABF5-43CBBAA12A26}.Release|Any CPU.ActiveCfg = Release|Any CPU
		{E5209D14-2514-494B-ABF5-43CBBAA12A26}.Release|Any CPU.Build.0 = Release|Any CPU
		{87A4DF21-307E-4CA4-A4BE-1901E8B05879}.Debug|Any CPU.ActiveCfg = Debug|Any CPU
		{87A4DF21-307E-4CA4-A4BE-1901E8B05879}.Debug|Any CPU.Build.0 = Debug|Any CPU
		{87A4DF21-307E-4CA4-A4BE-1901E8B05879}.Debug|Any CPU.Deploy.0 = Debug|Any CPU
		{87A4DF21-307E-4CA4-A4BE-1901E8B05879}.Release|Any CPU.ActiveCfg = Release|Any CPU
		{87A4DF21-307E-4CA4-A4BE-1901E8B05879}.Release|Any CPU.Build.0 = Release|Any CPU
		{87A4DF21-307E-4CA4-A4BE-1901E8B05879}.Release|Any CPU.Deploy.0 = Release|Any CPU
	EndGlobalSection
	GlobalSection(SolutionProperties) = preSolution
		HideSolutionNode = FALSE
	EndGlobalSection
	GlobalSection(ExtensibilityGlobals) = postSolution
		SolutionGuid = {B50A5D7C-7697-45CE-B214-0DB9A13521FE}
	EndGlobalSection
EndGlobal
